// !$*UTF8*$!
{
	archiveVersion = 1;
	classes = {
	};
	objectVersion = 56;
	objects = {

/* Begin PBXBuildFile section */
		9C7FB5862F422A830090B18A /* KeyboardShortcuts in Frameworks */ = {isa = PBXBuildFile; productRef = 9C7FB52D2F3A0CEA0090B18A /* KeyboardShortcuts */; };
		9C7FB58D2F422D1E0090B18A /* Sparkle in Frameworks */ = {isa = PBXBuildFile; productRef = 9C7FB58C2F422D1E0090B18A /* Sparkle */; };
		A10000010000000000000001 /* NekodeApp.swift in Sources */ = {isa = PBXBuildFile; fileRef = 	A10000020000000000000001 /* NekodeApp.swift */; };
		AC0000010000000000000001 /* Assets.xcassets in Resources */ = {isa = PBXBuildFile; fileRef = AC0000020000000000000001 /* Assets.xcassets */; };
		B10000010000000000000001 /* Session.swift in Sources */ = {isa = PBXBuildFile; fileRef = B10000020000000000000001 /* Session.swift */; };
		B10000030000000000000001 /* SessionStatus.swift in Sources */ = {isa = PBXBuildFile; fileRef = B10000040000000000000001 /* SessionStatus.swift */; };
		C10000010000000000000001 /* SessionManager.swift in Sources */ = {isa = PBXBuildFile; fileRef = C10000020000000000000001 /* SessionManager.swift */; };
		D10000010000000000000001 /* StatusChip.swift in Sources */ = {isa = PBXBuildFile; fileRef = D10000020000000000000001 /* StatusChip.swift */; };
		D10000030000000000000001 /* HeaderView.swift in Sources */ = {isa = PBXBuildFile; fileRef = D10000040000000000000001 /* HeaderView.swift */; };
		D10000050000000000000001 /* SessionCardView.swift in Sources */ = {isa = PBXBuildFile; fileRef = D10000060000000000000001 /* SessionCardView.swift */; };
		D10000070000000000000001 /* PopupView.swift in Sources */ = {isa = PBXBuildFile; fileRef = D10000080000000000000001 /* PopupView.swift */; };
		PVH000010000000000000001 /* PopupViewHelpers.swift in Sources */ = {isa = PBXBuildFile; fileRef = PVH000020000000000000001 /* PopupViewHelpers.swift */; };
		D10000090000000000000001 /* QuitButton.swift in Sources */ = {isa = PBXBuildFile; fileRef = D1000000A000000000000001 /* QuitButton.swift */; };
		E10000010000000000000001 /* FocusTerminal.swift in Sources */ = {isa = PBXBuildFile; fileRef = E10000020000000000000001 /* FocusTerminal.swift */; };
		EK0000010000000000000001 /* HostApp.swift in Sources */ = {isa = PBXBuildFile; fileRef = EK0000020000000000000001 /* HostApp.swift */; };
		F10000010000000000000001 /* Session+Mock.swift in Sources */ = {isa = PBXBuildFile; fileRef = F10000020000000000000001 /* Session+Mock.swift */; };
		FK0000010000000000000001 /* ForkSessionTests.swift in Sources */ = {isa = PBXBuildFile; fileRef = FK0000020000000000000001 /* ForkSessionTests.swift */; };
		FT0000010000000000000001 /* WorkspaceFileTests.swift in Sources */ = {isa = PBXBuildFile; fileRef = FT0000020000000000000001 /* WorkspaceFileTests.swift */; };
		FT0000010000000000000002 /* FocusTerminalTests.swift in Sources */ = {isa = PBXBuildFile; fileRef = FT0000020000000000000002 /* FocusTerminalTests.swift */; };
		HMT000010000000000000001 /* HistoryManagerTests.swift in Sources */ = {isa = PBXBuildFile; fileRef = HMT000020000000000000001 /* HistoryManagerTests.swift */; };
		JMT000010000000000000001 /* RefocusControllerTests.swift in Sources */ = {isa = PBXBuildFile; fileRef = JMT000020000000000000001 /* RefocusControllerTests.swift */; };
		G10000010000000000000001 /* FloatingPanel.swift in Sources */ = {isa = PBXBuildFile; fileRef = G10000020000000000000001 /* FloatingPanel.swift */; };
		G10000030000000000000001 /* AppDelegate.swift in Sources */ = {isa = PBXBuildFile; fileRef = G10000040000000000000001 /* AppDelegate.swift */; };
		H10000010000000000000001 /* AppSettings.swift in Sources */ = {isa = PBXBuildFile; fileRef = H10000020000000000000001 /* AppSettings.swift */; };
		HT0000010000000000000001 /* HookEventTests.swift in Sources */ = {isa = PBXBuildFile; fileRef = HT0000020000000000000001 /* HookEventTests.swift */; };
		J10000010000000000000001 /* SettingsSection.swift in Sources */ = {isa = PBXBuildFile; fileRef = J10000020000000000000001 /* SettingsSection.swift */; };
		K10000010000000000000001 /* Color+Theme.swift in Sources */ = {isa = PBXBuildFile; fileRef = K10000020000000000000001 /* Color+Theme.swift */; };
		L10000010000000000000001 /* EmptyStateView.swift in Sources */ = {isa = PBXBuildFile; fileRef = L10000020000000000000001 /* EmptyStateView.swift */; };
		N10000010000000000000001 /* SessionStatus+UI.swift in Sources */ = {isa = PBXBuildFile; fileRef = N10000020000000000000001 /* SessionStatus+UI.swift */; };
		AB0000010000000000000001 /* AboutView.swift in Sources */ = {isa = PBXBuildFile; fileRef = AB0000020000000000000001 /* AboutView.swift */; };
		OB0000010000000000000001 /* OpenCodeBanner.swift in Sources */ = {isa = PBXBuildFile; fileRef = OB0000020000000000000001 /* OpenCodeBanner.swift */; };
		RP0000010000000000000001 /* RecentProject.swift in Sources */ = {isa = PBXBuildFile; fileRef = RP0000020000000000000001 /* RecentProject.swift */; };
		RPM000010000000000000001 /* RecentProject+Mock.swift in Sources */ = {isa = PBXBuildFile; fileRef = RPM000020000000000000001 /* RecentProject+Mock.swift */; };
		RV0000010000000000000001 /* RecentProjectCardView.swift in Sources */ = {isa = PBXBuildFile; fileRef = RV0000020000000000000001 /* RecentProjectCardView.swift */; };
		N10000030000000000000001 /* HookEvent.swift in Sources */ = {isa = PBXBuildFile; fileRef = N10000040000000000000001 /* HookEvent.swift */; };
		N10000050000000000000001 /* Config.swift in Sources */ = {isa = PBXBuildFile; fileRef = N10000060000000000000001 /* Config.swift */; };
		P1000000A000000000000001 /* SessionStatus.swift in Sources */ = {isa = PBXBuildFile; fileRef = B10000040000000000000001 /* SessionStatus.swift */; };
		P1000000B000000000000001 /* HookEvent.swift in Sources */ = {isa = PBXBuildFile; fileRef = N10000040000000000000001 /* HookEvent.swift */; };
		P1000000C000000000000001 /* Config.swift in Sources */ = {isa = PBXBuildFile; fileRef = N10000060000000000000001 /* Config.swift */; };
		NK0000010000000000000001 /* NekodeMain.swift in Sources */ = {isa = PBXBuildFile; fileRef = NK0000020000000000000001 /* NekodeMain.swift */; };
		P10000030000000000000001 /* HookInput.swift in Sources */ = {isa = PBXBuildFile; fileRef = P10000040000000000000001 /* HookInput.swift */; };
		P10000050000000000000001 /* HookHandler.swift in Sources */ = {isa = PBXBuildFile; fileRef = P10000060000000000000001 /* HookHandler.swift */; };
		P10000070000000000000001 /* HookLogger.swift in Sources */ = {isa = PBXBuildFile; fileRef = P10000080000000000000001 /* HookLogger.swift */; };
		P10000090000000000000001 /* Session.swift in Sources */ = {isa = PBXBuildFile; fileRef = B10000020000000000000001 /* Session.swift */; };
		HM0000010000000000000001 /* HistoryManager.swift in Sources */ = {isa = PBXBuildFile; fileRef = HM0000020000000000000001 /* HistoryManager.swift */; };
		JM0000010000000000000001 /* RefocusController.swift in Sources */ = {isa = PBXBuildFile; fileRef = JM0000020000000000000001 /* RefocusController.swift */; };
		CM0000010000000000000001 /* CompactModeController.swift in Sources */ = {isa = PBXBuildFile; fileRef = CM0000020000000000000001 /* CompactModeController.swift */; };
		PC0000010000000000000001 /* PanelCoordinator.swift in Sources */ = {isa = PBXBuildFile; fileRef = PC0000020000000000000001 /* PanelCoordinator.swift */; };
		PM0000010000000000000001 /* PluginManager.swift in Sources */ = {isa = PBXBuildFile; fileRef = PM0000020000000000000001 /* PluginManager.swift */; };
		Q10000010000000000000001 /* QASnapshotTests.swift in Sources */ = {isa = PBXBuildFile; fileRef = Q10000020000000000000001 /* QASnapshotTests.swift */; };
		SN0000010000000000000001 /* SessionNameLookup.swift in Sources */ = {isa = PBXBuildFile; fileRef = SN0000020000000000000001 /* SessionNameLookup.swift */; };
		SN0000030000000000000001 /* SessionNameLookupTests.swift in Sources */ = {isa = PBXBuildFile; fileRef = SN0000040000000000000001 /* SessionNameLookupTests.swift */; };
		SN0000050000000000000001 /* SessionNameLookup.swift in Sources */ = {isa = PBXBuildFile; fileRef = SN0000020000000000000001 /* SessionNameLookup.swift */; };
		LB0000010000000000000001 /* LicenseBanner.swift in Sources */ = {isa = PBXBuildFile; fileRef = LB0000020000000000000001 /* LicenseBanner.swift */; };
		LM0000010000000000000001 /* LicenseManager.swift in Sources */ = {isa = PBXBuildFile; fileRef = LM0000020000000000000001 /* LicenseManager.swift */; };
		SP0000010000000000000001 /* SparkleUpdater.swift in Sources */ = {isa = PBXBuildFile; fileRef = SP0000020000000000000001 /* SparkleUpdater.swift */; };
		T10000010000000000000001 /* SessionTests.swift in Sources */ = {isa = PBXBuildFile; fileRef = T10000020000000000000001 /* SessionTests.swift */; };
		T10000030000000000000001 /* SessionStatusTests.swift in Sources */ = {isa = PBXBuildFile; fileRef = T10000040000000000000001 /* SessionStatusTests.swift */; };
		T10000050000000000000002 /* SnapshotTests.swift in Sources */ = {isa = PBXBuildFile; fileRef = T10000060000000000000002 /* SnapshotTests.swift */; };
		T10000070000000000000002 /* AppSettingsTests.swift in Sources */ = {isa = PBXBuildFile; fileRef = T10000080000000000000002 /* AppSettingsTests.swift */; };
		PT0000010000000000000001 /* PanelToggleTests.swift in Sources */ = {isa = PBXBuildFile; fileRef = PT0000020000000000000001 /* PanelToggleTests.swift */; };
		CMT000010000000000000001 /* CompactModeControllerTests.swift in Sources */ = {isa = PBXBuildFile; fileRef = CMT000020000000000000001 /* CompactModeControllerTests.swift */; };
		PCT000010000000000000001 /* PanelCoordinatorTests.swift in Sources */ = {isa = PBXBuildFile; fileRef = PCT000020000000000000001 /* PanelCoordinatorTests.swift */; };
		CST000010000000000000001 /* CompactModeScenarioTests.swift in Sources */ = {isa = PBXBuildFile; fileRef = CST000020000000000000001 /* CompactModeScenarioTests.swift */; };
		PET100010000000000000001 /* PetTests.swift in Sources */ = {isa = PBXBuildFile; fileRef = PET100020000000000000001 /* PetTests.swift */; };
		PK0000010000000000000001 /* PetKind.swift in Sources */ = {isa = PBXBuildFile; fileRef = PK0000020000000000000001 /* PetKind.swift */; };
		PS0000010000000000000001 /* PetState.swift in Sources */ = {isa = PBXBuildFile; fileRef = PS0000020000000000000001 /* PetState.swift */; };
		PD0000010000000000000001 /* PetModel.swift in Sources */ = {isa = PBXBuildFile; fileRef = PD0000020000000000000001 /* PetModel.swift */; };
		PW0000010000000000000001 /* PetWindow.swift in Sources */ = {isa = PBXBuildFile; fileRef = PW0000020000000000000001 /* PetWindow.swift */; };
		PE0000010000000000000001 /* PetView.swift in Sources */ = {isa = PBXBuildFile; fileRef = PE0000020000000000000001 /* PetView.swift */; };
		PA0000010000000000000001 /* PetAnimationEngine.swift in Sources */ = {isa = PBXBuildFile; fileRef = PA0000020000000000000001 /* PetAnimationEngine.swift */; };
		PG0000010000000000000001 /* PetManager.swift in Sources */ = {isa = PBXBuildFile; fileRef = PG0000020000000000000001 /* PetManager.swift */; };
		SS0000010000000000000001 /* SpriteSheetView.swift in Sources */ = {isa = PBXBuildFile; fileRef = SS0000020000000000000001 /* SpriteSheetView.swift */; };
		SG0000010000000000000001 /* SpriteGridConfig.swift in Sources */ = {isa = PBXBuildFile; fileRef = SG0000020000000000000001 /* SpriteGridConfig.swift */; };
		NK0000030000000000000001 /* PipeMonitor.swift in Sources */ = {isa = PBXBuildFile; fileRef = NK0000040000000000000001 /* PipeMonitor.swift */; };
		NK0000050000000000000001 /* Session.swift in Sources */ = {isa = PBXBuildFile; fileRef = B10000020000000000000001 /* Session.swift */; };
		NK0000060000000000000001 /* SessionStatus.swift in Sources */ = {isa = PBXBuildFile; fileRef = B10000040000000000000001 /* SessionStatus.swift */; };
		NK0000070000000000000001 /* Config.swift in Sources */ = {isa = PBXBuildFile; fileRef = N10000060000000000000001 /* Config.swift */; };
/* End PBXBuildFile section */

/* Begin PBXContainerItemProxy section */
		T10000050000000000000001 /* PBXContainerItemProxy */ = {
			isa = PBXContainerItemProxy;
			containerPortal = A1000000E000000000000001 /* Project object */;
			proxyType = 1;
			remoteGlobalIDString = A1000000B000000000000001;
			remoteInfo = Nekode;
		};
/* End PBXContainerItemProxy section */

/* Begin PBXFileReference section */
		A10000020000000000000001 /* NekodeApp.swift */ = {isa = PBXFileReference; lastKnownFileType = sourcecode.swift; path = NekodeApp.swift; sourceTree = "<group>"; };
		A10000030000000000000001 /* Nekode.app */ = {isa = PBXFileReference; explicitFileType = wrapper.application; includeInIndex = 0; path = Nekode.app; sourceTree = BUILT_PRODUCTS_DIR; };
		AC0000020000000000000001 /* Assets.xcassets */ = {isa = PBXFileReference; lastKnownFileType = folder.assetcatalog; path = Assets.xcassets; sourceTree = "<group>"; };
		B10000020000000000000001 /* Session.swift */ = {isa = PBXFileReference; lastKnownFileType = sourcecode.swift; path = Session.swift; sourceTree = "<group>"; };
		B10000040000000000000001 /* SessionStatus.swift */ = {isa = PBXFileReference; lastKnownFileType = sourcecode.swift; path = SessionStatus.swift; sourceTree = "<group>"; };
		C10000020000000000000001 /* SessionManager.swift */ = {isa = PBXFileReference; lastKnownFileType = sourcecode.swift; path = SessionManager.swift; sourceTree = "<group>"; };
		D1000000A000000000000001 /* QuitButton.swift */ = {isa = PBXFileReference; lastKnownFileType = sourcecode.swift; path = QuitButton.swift; sourceTree = "<group>"; };
		D10000020000000000000001 /* StatusChip.swift */ = {isa = PBXFileReference; lastKnownFileType = sourcecode.swift; path = StatusChip.swift; sourceTree = "<group>"; };
		D10000040000000000000001 /* HeaderView.swift */ = {isa = PBXFileReference; lastKnownFileType = sourcecode.swift; path = HeaderView.swift; sourceTree = "<group>"; };
		D10000060000000000000001 /* SessionCardView.swift */ = {isa = PBXFileReference; lastKnownFileType = sourcecode.swift; path = SessionCardView.swift; sourceTree = "<group>"; };
		D10000080000000000000001 /* PopupView.swift */ = {isa = PBXFileReference; lastKnownFileType = sourcecode.swift; path = PopupView.swift; sourceTree = "<group>"; };
		PVH000020000000000000001 /* PopupViewHelpers.swift */ = {isa = PBXFileReference; lastKnownFileType = sourcecode.swift; path = PopupViewHelpers.swift; sourceTree = "<group>"; };
		E10000020000000000000001 /* FocusTerminal.swift */ = {isa = PBXFileReference; lastKnownFileType = sourcecode.swift; path = FocusTerminal.swift; sourceTree = "<group>"; };
		EK0000020000000000000001 /* HostApp.swift */ = {isa = PBXFileReference; lastKnownFileType = sourcecode.swift; path = HostApp.swift; sourceTree = "<group>"; };
		F10000020000000000000001 /* Session+Mock.swift */ = {isa = PBXFileReference; lastKnownFileType = sourcecode.swift; path = "Session+Mock.swift"; sourceTree = "<group>"; };
		FK0000020000000000000001 /* ForkSessionTests.swift */ = {isa = PBXFileReference; lastKnownFileType = sourcecode.swift; path = ForkSessionTests.swift; sourceTree = "<group>"; };
		FT0000020000000000000001 /* WorkspaceFileTests.swift */ = {isa = PBXFileReference; lastKnownFileType = sourcecode.swift; path = WorkspaceFileTests.swift; sourceTree = "<group>"; };
		FT0000020000000000000002 /* FocusTerminalTests.swift */ = {isa = PBXFileReference; lastKnownFileType = sourcecode.swift; path = FocusTerminalTests.swift; sourceTree = "<group>"; };
		HMT000020000000000000001 /* HistoryManagerTests.swift */ = {isa = PBXFileReference; lastKnownFileType = sourcecode.swift; path = HistoryManagerTests.swift; sourceTree = "<group>"; };
		JMT000020000000000000001 /* RefocusControllerTests.swift */ = {isa = PBXFileReference; lastKnownFileType = sourcecode.swift; path = RefocusControllerTests.swift; sourceTree = "<group>"; };
		G10000020000000000000001 /* FloatingPanel.swift */ = {isa = PBXFileReference; lastKnownFileType = sourcecode.swift; path = FloatingPanel.swift; sourceTree = "<group>"; };
		G10000040000000000000001 /* AppDelegate.swift */ = {isa = PBXFileReference; lastKnownFileType = sourcecode.swift; path = AppDelegate.swift; sourceTree = "<group>"; };
		H10000020000000000000001 /* AppSettings.swift */ = {isa = PBXFileReference; lastKnownFileType = sourcecode.swift; path = AppSettings.swift; sourceTree = "<group>"; };
		HT0000020000000000000001 /* HookEventTests.swift */ = {isa = PBXFileReference; lastKnownFileType = sourcecode.swift; path = HookEventTests.swift; sourceTree = "<group>"; };
		J10000020000000000000001 /* SettingsSection.swift */ = {isa = PBXFileReference; lastKnownFileType = sourcecode.swift; path = SettingsSection.swift; sourceTree = "<group>"; };
		K10000020000000000000001 /* Color+Theme.swift */ = {isa = PBXFileReference; lastKnownFileType = sourcecode.swift; path = "Color+Theme.swift"; sourceTree = "<group>"; };
		L10000020000000000000001 /* EmptyStateView.swift */ = {isa = PBXFileReference; lastKnownFileType = sourcecode.swift; path = EmptyStateView.swift; sourceTree = "<group>"; };
		M10000010000000000000001 /* Nekode.entitlements */ = {isa = PBXFileReference; lastKnownFileType = text.plist.entitlements; path = Nekode.entitlements; sourceTree = "<group>"; };
		N10000020000000000000001 /* SessionStatus+UI.swift */ = {isa = PBXFileReference; lastKnownFileType = sourcecode.swift; path = "SessionStatus+UI.swift"; sourceTree = "<group>"; };
		AB0000020000000000000001 /* AboutView.swift */ = {isa = PBXFileReference; lastKnownFileType = sourcecode.swift; path = AboutView.swift; sourceTree = "<group>"; };
		OB0000020000000000000001 /* OpenCodeBanner.swift */ = {isa = PBXFileReference; lastKnownFileType = sourcecode.swift; path = OpenCodeBanner.swift; sourceTree = "<group>"; };
		RP0000020000000000000001 /* RecentProject.swift */ = {isa = PBXFileReference; lastKnownFileType = sourcecode.swift; path = RecentProject.swift; sourceTree = "<group>"; };
		RPM000020000000000000001 /* RecentProject+Mock.swift */ = {isa = PBXFileReference; lastKnownFileType = sourcecode.swift; path = "RecentProject+Mock.swift"; sourceTree = "<group>"; };
		RV0000020000000000000001 /* RecentProjectCardView.swift */ = {isa = PBXFileReference; lastKnownFileType = sourcecode.swift; path = RecentProjectCardView.swift; sourceTree = "<group>"; };
		N10000040000000000000001 /* HookEvent.swift */ = {isa = PBXFileReference; lastKnownFileType = sourcecode.swift; path = HookEvent.swift; sourceTree = "<group>"; };
		N10000060000000000000001 /* Config.swift */ = {isa = PBXFileReference; lastKnownFileType = sourcecode.swift; path = Config.swift; sourceTree = "<group>"; };
		NK0000020000000000000001 /* NekodeMain.swift */ = {isa = PBXFileReference; lastKnownFileType = sourcecode.swift; path = NekodeMain.swift; sourceTree = "<group>"; };
		NK0000040000000000000001 /* PipeMonitor.swift */ = {isa = PBXFileReference; lastKnownFileType = sourcecode.swift; path = PipeMonitor.swift; sourceTree = "<group>"; };
		P1000000D000000000000001 /* nekode */ = {isa = PBXFileReference; explicitFileType = "compiled.mach-o.executable"; includeInIndex = 0; path = nekode; sourceTree = BUILT_PRODUCTS_DIR; };
		P10000040000000000000001 /* HookInput.swift */ = {isa = PBXFileReference; lastKnownFileType = sourcecode.swift; path = HookInput.swift; sourceTree = "<group>"; };
		P10000060000000000000001 /* HookHandler.swift */ = {isa = PBXFileReference; lastKnownFileType = sourcecode.swift; path = HookHandler.swift; sourceTree = "<group>"; };
		P10000080000000000000001 /* HookLogger.swift */ = {isa = PBXFileReference; lastKnownFileType = sourcecode.swift; path = HookLogger.swift; sourceTree = "<group>"; };
		HM0000020000000000000001 /* HistoryManager.swift */ = {isa = PBXFileReference; lastKnownFileType = sourcecode.swift; path = HistoryManager.swift; sourceTree = "<group>"; };
		JM0000020000000000000001 /* RefocusController.swift */ = {isa = PBXFileReference; lastKnownFileType = sourcecode.swift; path = RefocusController.swift; sourceTree = "<group>"; };
		CM0000020000000000000001 /* CompactModeController.swift */ = {isa = PBXFileReference; lastKnownFileType = sourcecode.swift; path = CompactModeController.swift; sourceTree = "<group>"; };
		PC0000020000000000000001 /* PanelCoordinator.swift */ = {isa = PBXFileReference; lastKnownFileType = sourcecode.swift; path = PanelCoordinator.swift; sourceTree = "<group>"; };
		PM0000020000000000000001 /* PluginManager.swift */ = {isa = PBXFileReference; lastKnownFileType = sourcecode.swift; path = PluginManager.swift; sourceTree = "<group>"; };
		Q10000020000000000000001 /* QASnapshotTests.swift */ = {isa = PBXFileReference; lastKnownFileType = sourcecode.swift; path = QASnapshotTests.swift; sourceTree = "<group>"; };
		SN0000020000000000000001 /* SessionNameLookup.swift */ = {isa = PBXFileReference; lastKnownFileType = sourcecode.swift; path = SessionNameLookup.swift; sourceTree = "<group>"; };
		SN0000040000000000000001 /* SessionNameLookupTests.swift */ = {isa = PBXFileReference; lastKnownFileType = sourcecode.swift; path = SessionNameLookupTests.swift; sourceTree = "<group>"; };
		LB0000020000000000000001 /* LicenseBanner.swift */ = {isa = PBXFileReference; lastKnownFileType = sourcecode.swift; path = LicenseBanner.swift; sourceTree = "<group>"; };
		LM0000020000000000000001 /* LicenseManager.swift */ = {isa = PBXFileReference; lastKnownFileType = sourcecode.swift; path = LicenseManager.swift; sourceTree = "<group>"; };
		SP0000020000000000000001 /* SparkleUpdater.swift */ = {isa = PBXFileReference; lastKnownFileType = sourcecode.swift; path = SparkleUpdater.swift; sourceTree = "<group>"; };
		T10000020000000000000001 /* SessionTests.swift */ = {isa = PBXFileReference; lastKnownFileType = sourcecode.swift; path = SessionTests.swift; sourceTree = "<group>"; };
		T10000040000000000000001 /* SessionStatusTests.swift */ = {isa = PBXFileReference; lastKnownFileType = sourcecode.swift; path = SessionStatusTests.swift; sourceTree = "<group>"; };
		T10000060000000000000001 /* NekodeTests.xctest */ = {isa = PBXFileReference; explicitFileType = wrapper.cfbundle; includeInIndex = 0; path = NekodeTests.xctest; sourceTree = BUILT_PRODUCTS_DIR; };
		T10000060000000000000002 /* SnapshotTests.swift */ = {isa = PBXFileReference; lastKnownFileType = sourcecode.swift; path = SnapshotTests.swift; sourceTree = "<group>"; };
		T10000080000000000000002 /* AppSettingsTests.swift */ = {isa = PBXFileReference; lastKnownFileType = sourcecode.swift; path = AppSettingsTests.swift; sourceTree = "<group>"; };
		PT0000020000000000000001 /* PanelToggleTests.swift */ = {isa = PBXFileReference; lastKnownFileType = sourcecode.swift; path = PanelToggleTests.swift; sourceTree = "<group>"; };
		CMT000020000000000000001 /* CompactModeControllerTests.swift */ = {isa = PBXFileReference; lastKnownFileType = sourcecode.swift; path = CompactModeControllerTests.swift; sourceTree = "<group>"; };
		PCT000020000000000000001 /* PanelCoordinatorTests.swift */ = {isa = PBXFileReference; lastKnownFileType = sourcecode.swift; path = PanelCoordinatorTests.swift; sourceTree = "<group>"; };
		CST000020000000000000001 /* CompactModeScenarioTests.swift */ = {isa = PBXFileReference; lastKnownFileType = sourcecode.swift; path = CompactModeScenarioTests.swift; sourceTree = "<group>"; };
		PET100020000000000000001 /* PetTests.swift */ = {isa = PBXFileReference; lastKnownFileType = sourcecode.swift; path = PetTests.swift; sourceTree = "<group>"; };
		PK0000020000000000000001 /* PetKind.swift */ = {isa = PBXFileReference; lastKnownFileType = sourcecode.swift; path = PetKind.swift; sourceTree = "<group>"; };
		PS0000020000000000000001 /* PetState.swift */ = {isa = PBXFileReference; lastKnownFileType = sourcecode.swift; path = PetState.swift; sourceTree = "<group>"; };
		PD0000020000000000000001 /* PetModel.swift */ = {isa = PBXFileReference; lastKnownFileType = sourcecode.swift; path = PetModel.swift; sourceTree = "<group>"; };
		PW0000020000000000000001 /* PetWindow.swift */ = {isa = PBXFileReference; lastKnownFileType = sourcecode.swift; path = PetWindow.swift; sourceTree = "<group>"; };
		PE0000020000000000000001 /* PetView.swift */ = {isa = PBXFileReference; lastKnownFileType = sourcecode.swift; path = PetView.swift; sourceTree = "<group>"; };
		PA0000020000000000000001 /* PetAnimationEngine.swift */ = {isa = PBXFileReference; lastKnownFileType = sourcecode.swift; path = PetAnimationEngine.swift; sourceTree = "<group>"; };
		PG0000020000000000000001 /* PetManager.swift */ = {isa = PBXFileReference; lastKnownFileType = sourcecode.swift; path = PetManager.swift; sourceTree = "<group>"; };
		SS0000020000000000000001 /* SpriteSheetView.swift */ = {isa = PBXFileReference; lastKnownFileType = sourcecode.swift; path = SpriteSheetView.swift; sourceTree = "<group>"; };
		SG0000020000000000000001 /* SpriteGridConfig.swift */ = {isa = PBXFileReference; lastKnownFileType = sourcecode.swift; path = SpriteGridConfig.swift; sourceTree = "<group>"; };
/* End PBXFileReference section */

/* Begin PBXFrameworksBuildPhase section */
		A10000040000000000000001 /* Frameworks */ = {
			isa = PBXFrameworksBuildPhase;
			buildActionMask = 2147483647;
			files = (
				9C7FB5862F422A830090B18A /* KeyboardShortcuts in Frameworks */,
				9C7FB58D2F422D1E0090B18A /* Sparkle in Frameworks */,
			);
			runOnlyForDeploymentPostprocessing = 0;
		};
		P1000000E000000000000001 /* Frameworks */ = {
			isa = PBXFrameworksBuildPhase;
			buildActionMask = 2147483647;
			files = (
			);
			runOnlyForDeploymentPostprocessing = 0;
		};
		T10000070000000000000001 /* Frameworks */ = {
			isa = PBXFrameworksBuildPhase;
			buildActionMask = 2147483647;
			files = (
			);
			runOnlyForDeploymentPostprocessing = 0;
		};
/* End PBXFrameworksBuildPhase section */

/* Begin PBXGroup section */
		9C7FB5882F422CF50090B18A /* Frameworks */ = {
			isa = PBXGroup;
			children = (
			);
			name = Frameworks;
			sourceTree = "<group>";
		};
		A1000000A000000000000001 /* Services */ = {
			isa = PBXGroup;
			children = (
				C10000020000000000000001 /* SessionManager.swift */,
				HM0000020000000000000001 /* HistoryManager.swift */,
				E10000020000000000000001 /* FocusTerminal.swift */,
				SP0000020000000000000001 /* SparkleUpdater.swift */,
				PM0000020000000000000001 /* PluginManager.swift */,
				JM0000020000000000000001 /* RefocusController.swift */,
				CM0000020000000000000001 /* CompactModeController.swift */,
				PC0000020000000000000001 /* PanelCoordinator.swift */,
				LM0000020000000000000001 /* LicenseManager.swift */,
			);
			path = Services;
			sourceTree = "<group>";
		};
		A10000050000000000000001 = {
			isa = PBXGroup;
			children = (
				A10000060000000000000001 /* Nekode */,
				T10000080000000000000001 /* NekodeTests */,
				9C7FB5882F422CF50090B18A /* Frameworks */,
				A10000070000000000000001 /* Products */,
			);
			sourceTree = "<group>";
		};
		A10000060000000000000001 /* Nekode */ = {
			isa = PBXGroup;
			children = (
				AC0000020000000000000001 /* Assets.xcassets */,
				M10000010000000000000001 /* Nekode.entitlements */,
				A10000020000000000000001 /* NekodeApp.swift */,
				G10000040000000000000001 /* AppDelegate.swift */,
				G10000020000000000000001 /* FloatingPanel.swift */,
				A10000080000000000000001 /* Models */,
				A10000090000000000000001 /* Views */,
				A1000000A000000000000001 /* Services */,
				P1000000F000000000000001 /* Hook */,
				NK0000000000000000000001 /* CLI */,
				PET000000000000000000001 /* Pets */,
			);
			path = Nekode;
			sourceTree = "<group>";
		};
		A10000070000000000000001 /* Products */ = {
			isa = PBXGroup;
			children = (
				A10000030000000000000001 /* Nekode.app */,
				T10000060000000000000001 /* NekodeTests.xctest */,
				P1000000D000000000000001 /* nekode */,
			);
			name = Products;
			sourceTree = "<group>";
		};
		A10000080000000000000001 /* Models */ = {
			isa = PBXGroup;
			children = (
				B10000020000000000000001 /* Session.swift */,
				B10000040000000000000001 /* SessionStatus.swift */,
				N10000040000000000000001 /* HookEvent.swift */,
				N10000060000000000000001 /* Config.swift */,
				F10000020000000000000001 /* Session+Mock.swift */,
				H10000020000000000000001 /* AppSettings.swift */,
				K10000020000000000000001 /* Color+Theme.swift */,
				RP0000020000000000000001 /* RecentProject.swift */,
				RPM000020000000000000001 /* RecentProject+Mock.swift */,
				EK0000020000000000000001 /* HostApp.swift */,
			);
			path = Models;
			sourceTree = "<group>";
		};
		A10000090000000000000001 /* Views */ = {
			isa = PBXGroup;
			children = (
				D10000020000000000000001 /* StatusChip.swift */,
				D10000040000000000000001 /* HeaderView.swift */,
				D10000060000000000000001 /* SessionCardView.swift */,
				D10000080000000000000001 /* PopupView.swift */,
				PVH000020000000000000001 /* PopupViewHelpers.swift */,
				D1000000A000000000000001 /* QuitButton.swift */,
				J10000020000000000000001 /* SettingsSection.swift */,
				L10000020000000000000001 /* EmptyStateView.swift */,
				N10000020000000000000001 /* SessionStatus+UI.swift */,
				RV0000020000000000000001 /* RecentProjectCardView.swift */,
				OB0000020000000000000001 /* OpenCodeBanner.swift */,
				AB0000020000000000000001 /* AboutView.swift */,
				LB0000020000000000000001 /* LicenseBanner.swift */,
			);
			path = Views;
			sourceTree = "<group>";
		};
		P1000000F000000000000001 /* Hook */ = {
			isa = PBXGroup;
			children = (
				P10000040000000000000001 /* HookInput.swift */,
				P10000060000000000000001 /* HookHandler.swift */,
				P10000080000000000000001 /* HookLogger.swift */,
				SN0000020000000000000001 /* SessionNameLookup.swift */,
			);
			path = Hook;
			sourceTree = "<group>";
		};
		NK0000000000000000000001 /* CLI */ = {
			isa = PBXGroup;
			children = (
				NK0000020000000000000001 /* NekodeMain.swift */,
				NK0000040000000000000001 /* PipeMonitor.swift */,
			);
			path = CLI;
			sourceTree = "<group>";
		};
		T10000080000000000000001 /* NekodeTests */ = {
			isa = PBXGroup;
			children = (
				T10000020000000000000001 /* SessionTests.swift */,
				T10000040000000000000001 /* SessionStatusTests.swift */,
				T10000060000000000000002 /* SnapshotTests.swift */,
				Q10000020000000000000001 /* QASnapshotTests.swift */,
				T10000080000000000000002 /* AppSettingsTests.swift */,
				HT0000020000000000000001 /* HookEventTests.swift */,
				SN0000040000000000000001 /* SessionNameLookupTests.swift */,
				FK0000020000000000000001 /* ForkSessionTests.swift */,
				FT0000020000000000000001 /* WorkspaceFileTests.swift */,
				FT0000020000000000000002 /* FocusTerminalTests.swift */,
				JMT000020000000000000001 /* RefocusControllerTests.swift */,
				HMT000020000000000000001 /* HistoryManagerTests.swift */,
				PT0000020000000000000001 /* PanelToggleTests.swift */,
				CMT000020000000000000001 /* CompactModeControllerTests.swift */,
				PCT000020000000000000001 /* PanelCoordinatorTests.swift */,
				CST000020000000000000001 /* CompactModeScenarioTests.swift */,
				PET100020000000000000001 /* PetTests.swift */,
			);
			path = NekodeTests;
			sourceTree = "<group>";
		};
		PET000000000000000000001 /* Pets */ = {
			isa = PBXGroup;
			children = (
				PK0000020000000000000001 /* PetKind.swift */,
				PS0000020000000000000001 /* PetState.swift */,
				PD0000020000000000000001 /* PetModel.swift */,
				PW0000020000000000000001 /* PetWindow.swift */,
				PE0000020000000000000001 /* PetView.swift */,
				PA0000020000000000000001 /* PetAnimationEngine.swift */,
				PG0000020000000000000001 /* PetManager.swift */,
				SS0000020000000000000001 /* SpriteSheetView.swift */,
				SG0000020000000000000001 /* SpriteGridConfig.swift */,
			);
			path = Pets;
			sourceTree = "<group>";
		};
/* End PBXGroup section */

/* Begin PBXNativeTarget section */
		A1000000B000000000000001 /* Nekode */ = {
			isa = PBXNativeTarget;
			buildConfigurationList = A1000000C000000000000001 /* Build configuration list for PBXNativeTarget "Nekode" */;
			buildPhases = (
				A1000000D000000000000001 /* Sources */,
				A10000040000000000000001 /* Frameworks */,
				AC0000030000000000000001 /* Resources */,
			);
			buildRules = (
			);
			dependencies = (
			);
			name = Nekode;
			packageProductDependencies = (
				9C7FB52D2F3A0CEA0090B18A /* KeyboardShortcuts */,
				9C7FB58C2F422D1E0090B18A /* Sparkle */,
			);
			productName = Nekode;
			productReference = A10000030000000000000001 /* Nekode.app */;
			productType = "com.apple.product-type.application";
		};
		P10000100000000000000001 /* nekode */ = {
			isa = PBXNativeTarget;
			buildConfigurationList = P10000110000000000000001 /* Build configuration list for PBXNativeTarget "nekode" */;
			buildPhases = (
				P10000120000000000000001 /* Sources */,
				P1000000E000000000000001 /* Frameworks */,
			);
			buildRules = (
			);
			dependencies = (
			);
			name = nekode;
			productName = nekode;
			productReference = P1000000D000000000000001 /* nekode */;
			productType = "com.apple.product-type.tool";
		};
		T10000090000000000000001 /* NekodeTests */ = {
			isa = PBXNativeTarget;
			buildConfigurationList = T1000000A000000000000001 /* Build configuration list for PBXNativeTarget "NekodeTests" */;
			buildPhases = (
				T1000000B000000000000001 /* Sources */,
				T10000070000000000000001 /* Frameworks */,
			);
			buildRules = (
			);
			dependencies = (
				T1000000C000000000000001 /* PBXTargetDependency */,
			);
			name = NekodeTests;
			productName = NekodeTests;
			productReference = T10000060000000000000001 /* NekodeTests.xctest */;
			productType = "com.apple.product-type.bundle.unit-test";
		};
/* End PBXNativeTarget section */

/* Begin PBXProject section */
		A1000000E000000000000001 /* Project object */ = {
			isa = PBXProject;
			attributes = {
				BuildIndependentTargetsInParallel = 1;
				LastSwiftUpdateCheck = 1620;
				LastUpgradeCheck = 1620;
			};
			buildConfigurationList = A1000000F000000000000001 /* Build configuration list for PBXProject "Nekode" */;
			compatibilityVersion = "Xcode 14.0";
			developmentRegion = en;
			hasScannedForEncodings = 0;
			knownRegions = (
				en,
				Base,
			);
			mainGroup = A10000050000000000000001;
			packageReferences = (
				9C7FB52C2F3A0CEA0090B18A /* XCRemoteSwiftPackageReference "KeyboardShortcuts" */,
				9C7FB58B2F422D1E0090B18A /* XCRemoteSwiftPackageReference "Sparkle" */,
			);
			productRefGroup = A10000070000000000000001 /* Products */;
			projectDirPath = "";
			projectRoot = "";
			targets = (
				A1000000B000000000000001 /* Nekode */,
				T10000090000000000000001 /* NekodeTests */,
				P10000100000000000000001 /* nekode */,
			);
		};
/* End PBXProject section */

/* Begin PBXResourcesBuildPhase section */
		AC0000030000000000000001 /* Resources */ = {
			isa = PBXResourcesBuildPhase;
			buildActionMask = 2147483647;
			files = (
				AC0000010000000000000001 /* Assets.xcassets in Resources */,
			);
			runOnlyForDeploymentPostprocessing = 0;
		};
/* End PBXResourcesBuildPhase section */

/* Begin PBXSourcesBuildPhase section */
		A1000000D000000000000001 /* Sources */ = {
			isa = PBXSourcesBuildPhase;
			buildActionMask = 2147483647;
			files = (
				A10000010000000000000001 /* NekodeApp.swift in Sources */,
				B10000010000000000000001 /* Session.swift in Sources */,
				B10000030000000000000001 /* SessionStatus.swift in Sources */,
				C10000010000000000000001 /* SessionManager.swift in Sources */,
				D10000010000000000000001 /* StatusChip.swift in Sources */,
				D10000030000000000000001 /* HeaderView.swift in Sources */,
				D10000050000000000000001 /* SessionCardView.swift in Sources */,
				D10000070000000000000001 /* PopupView.swift in Sources */,
				PVH000010000000000000001 /* PopupViewHelpers.swift in Sources */,
				D10000090000000000000001 /* QuitButton.swift in Sources */,
				E10000010000000000000001 /* FocusTerminal.swift in Sources */,
				F10000010000000000000001 /* Session+Mock.swift in Sources */,
				G10000010000000000000001 /* FloatingPanel.swift in Sources */,
				G10000030000000000000001 /* AppDelegate.swift in Sources */,
				H10000010000000000000001 /* AppSettings.swift in Sources */,
				J10000010000000000000001 /* SettingsSection.swift in Sources */,
				K10000010000000000000001 /* Color+Theme.swift in Sources */,
				L10000010000000000000001 /* EmptyStateView.swift in Sources */,
				SP0000010000000000000001 /* SparkleUpdater.swift in Sources */,
				PM0000010000000000000001 /* PluginManager.swift in Sources */,
				HM0000010000000000000001 /* HistoryManager.swift in Sources */,
				JM0000010000000000000001 /* RefocusController.swift in Sources */,
				CM0000010000000000000001 /* CompactModeController.swift in Sources */,
				PC0000010000000000000001 /* PanelCoordinator.swift in Sources */,
				N10000010000000000000001 /* SessionStatus+UI.swift in Sources */,
				N10000030000000000000001 /* HookEvent.swift in Sources */,
				N10000050000000000000001 /* Config.swift in Sources */,
				SN0000050000000000000001 /* SessionNameLookup.swift in Sources */,
				RP0000010000000000000001 /* RecentProject.swift in Sources */,
				RV0000010000000000000001 /* RecentProjectCardView.swift in Sources */,
				OB0000010000000000000001 /* OpenCodeBanner.swift in Sources */,
				AB0000010000000000000001 /* AboutView.swift in Sources */,
				EK0000010000000000000001 /* HostApp.swift in Sources */,
				RPM000010000000000000001 /* RecentProject+Mock.swift in Sources */,
				PK0000010000000000000001 /* PetKind.swift in Sources */,
				PS0000010000000000000001 /* PetState.swift in Sources */,
				PD0000010000000000000001 /* PetModel.swift in Sources */,
				PW0000010000000000000001 /* PetWindow.swift in Sources */,
				PE0000010000000000000001 /* PetView.swift in Sources */,
				PA0000010000000000000001 /* PetAnimationEngine.swift in Sources */,
				PG0000010000000000000001 /* PetManager.swift in Sources */,
				SS0000010000000000000001 /* SpriteSheetView.swift in Sources */,
				SG0000010000000000000001 /* SpriteGridConfig.swift in Sources */,
				LM0000010000000000000001 /* LicenseManager.swift in Sources */,
				LB0000010000000000000001 /* LicenseBanner.swift in Sources */,
			);
			runOnlyForDeploymentPostprocessing = 0;
		};
		P10000120000000000000001 /* Sources */ = {
			isa = PBXSourcesBuildPhase;
			buildActionMask = 2147483647;
			files = (
				NK0000010000000000000001 /* NekodeMain.swift in Sources */,
				P10000030000000000000001 /* HookInput.swift in Sources */,
				P10000050000000000000001 /* HookHandler.swift in Sources */,
				P10000070000000000000001 /* HookLogger.swift in Sources */,
				SN0000010000000000000001 /* SessionNameLookup.swift in Sources */,
				P10000090000000000000001 /* Session.swift in Sources */,
				P1000000A000000000000001 /* SessionStatus.swift in Sources */,
				P1000000B000000000000001 /* HookEvent.swift in Sources */,
				P1000000C000000000000001 /* Config.swift in Sources */,
				NK0000030000000000000001 /* PipeMonitor.swift in Sources */,
			);
			runOnlyForDeploymentPostprocessing = 0;
		};
		T1000000B000000000000001 /* Sources */ = {
			isa = PBXSourcesBuildPhase;
			buildActionMask = 2147483647;
			files = (
				T10000010000000000000001 /* SessionTests.swift in Sources */,
				T10000030000000000000001 /* SessionStatusTests.swift in Sources */,
				T10000050000000000000002 /* SnapshotTests.swift in Sources */,
				Q10000010000000000000001 /* QASnapshotTests.swift in Sources */,
				T10000070000000000000002 /* AppSettingsTests.swift in Sources */,
				HT0000010000000000000001 /* HookEventTests.swift in Sources */,
				SN0000030000000000000001 /* SessionNameLookupTests.swift in Sources */,
				FK0000010000000000000001 /* ForkSessionTests.swift in Sources */,
				FT0000010000000000000001 /* WorkspaceFileTests.swift in Sources */,
				FT0000010000000000000002 /* FocusTerminalTests.swift in Sources */,
				JMT000010000000000000001 /* RefocusControllerTests.swift in Sources */,
				HMT000010000000000000001 /* HistoryManagerTests.swift in Sources */,
				PT0000010000000000000001 /* PanelToggleTests.swift in Sources */,
				CMT000010000000000000001 /* CompactModeControllerTests.swift in Sources */,
				PCT000010000000000000001 /* PanelCoordinatorTests.swift in Sources */,
				CST000010000000000000001 /* CompactModeScenarioTests.swift in Sources */,
				PET100010000000000000001 /* PetTests.swift in Sources */,
			);
			runOnlyForDeploymentPostprocessing = 0;
		};
/* End PBXSourcesBuildPhase section */

/* Begin PBXTargetDependency section */
		T1000000C000000000000001 /* PBXTargetDependency */ = {
			isa = PBXTargetDependency;
			target = A1000000B000000000000001 /* Nekode */;
			targetProxy = T10000050000000000000001 /* PBXContainerItemProxy */;
		};
/* End PBXTargetDependency section */

/* Begin XCBuildConfiguration section */
		A10000100000000000000001 /* Debug */ = {
			isa = XCBuildConfiguration;
			buildSettings = {
				ALWAYS_SEARCH_USER_PATHS = NO;
				ASSETCATALOG_COMPILER_GENERATE_SWIFT_ASSET_SYMBOL_EXTENSIONS = YES;
				CLANG_ANALYZER_NONNULL = YES;
				CLANG_CXX_LANGUAGE_STANDARD = "gnu++20";
				CLANG_ENABLE_MODULES = YES;
				CLANG_ENABLE_OBJC_ARC = YES;
				COPY_PHASE_STRIP = NO;
				DEBUG_INFORMATION_FORMAT = dwarf;
				ENABLE_STRICT_OBJC_MSGSEND = YES;
				ENABLE_TESTABILITY = YES;
				GCC_DYNAMIC_NO_PIC = NO;
				GCC_OPTIMIZATION_LEVEL = 0;
				GCC_PREPROCESSOR_DEFINITIONS = (
					"DEBUG=1",
					"$(inherited)",
				);
				GCC_WARN_64_TO_32_BIT_CONVERSION = YES;
				GCC_WARN_ABOUT_RETURN_TYPE = YES_ERROR;
				GCC_WARN_UNDECLARED_SELECTOR = YES;
				GCC_WARN_UNINITIALIZED_AUTOS = YES_AGGRESSIVE;
				GCC_WARN_UNUSED_FUNCTION = YES;
				GCC_WARN_UNUSED_VARIABLE = YES;
				MACOSX_DEPLOYMENT_TARGET = 13.0;
				MTL_ENABLE_DEBUG_INFO = INCLUDE_SOURCE;
				MTL_FAST_MATH = YES;
				ONLY_ACTIVE_ARCH = YES;
				SDKROOT = macosx;
				SWIFT_ACTIVE_COMPILATION_CONDITIONS = "$(inherited) DEBUG";
				SWIFT_OPTIMIZATION_LEVEL = "-Onone";
			};
			name = Debug;
		};
		A10000110000000000000001 /* Release */ = {
			isa = XCBuildConfiguration;
			buildSettings = {
				ALWAYS_SEARCH_USER_PATHS = NO;
				ASSETCATALOG_COMPILER_GENERATE_SWIFT_ASSET_SYMBOL_EXTENSIONS = YES;
				CLANG_ANALYZER_NONNULL = YES;
				CLANG_CXX_LANGUAGE_STANDARD = "gnu++20";
				CLANG_ENABLE_MODULES = YES;
				CLANG_ENABLE_OBJC_ARC = YES;
				COPY_PHASE_STRIP = NO;
				DEBUG_INFORMATION_FORMAT = "dwarf-with-dsym";
				ENABLE_NS_ASSERTIONS = NO;
				ENABLE_STRICT_OBJC_MSGSEND = YES;
				GCC_WARN_64_TO_32_BIT_CONVERSION = YES;
				GCC_WARN_ABOUT_RETURN_TYPE = YES_ERROR;
				GCC_WARN_UNDECLARED_SELECTOR = YES;
				GCC_WARN_UNINITIALIZED_AUTOS = YES_AGGRESSIVE;
				GCC_WARN_UNUSED_FUNCTION = YES;
				GCC_WARN_UNUSED_VARIABLE = YES;
				MACOSX_DEPLOYMENT_TARGET = 13.0;
				MTL_FAST_MATH = YES;
				SDKROOT = macosx;
				SWIFT_COMPILATION_MODE = wholemodule;
			};
			name = Release;
		};
		A10000120000000000000001 /* Debug */ = {
			isa = XCBuildConfiguration;
			buildSettings = {
				ASSETCATALOG_COMPILER_APPICON_NAME = AppIcon;
				CODE_SIGN_ENTITLEMENTS = Nekode/Nekode.entitlements;
				CODE_SIGN_STYLE = Manual;
				COMBINE_HIDPI_IMAGES = YES;
				CURRENT_PROJECT_VERSION = 10005;
				ENABLE_HARDENED_RUNTIME = YES;
				GENERATE_INFOPLIST_FILE = YES;
				INFOPLIST_FILE = Nekode/Info.plist;
				INFOPLIST_KEY_LSUIElement = YES;
				INFOPLIST_KEY_NSAppleEventsUsageDescription = "Nekode needs to control terminal apps to focus the correct window when you click a session.";
				INFOPLIST_KEY_NSHumanReadableCopyright = "";
				INFOPLIST_KEY_NSMainStoryboardFile = "";
				LD_RUNPATH_SEARCH_PATHS = "@executable_path/../Frameworks";
				MARKETING_VERSION = 1.0.5;
				PRODUCT_BUNDLE_IDENTIFIER = dev.nekode.Nekode;
				PRODUCT_NAME = "$(TARGET_NAME)";
				SWIFT_ACTIVE_COMPILATION_CONDITIONS = "$(inherited) ENABLE_SPARKLE";
				SWIFT_EMIT_LOC_STRINGS = YES;
				SWIFT_VERSION = 5.0;
			};
			name = Debug;
		};
		A10000130000000000000001 /* Release */ = {
			isa = XCBuildConfiguration;
			buildSettings = {
				ASSETCATALOG_COMPILER_APPICON_NAME = AppIcon;
				CODE_SIGN_ENTITLEMENTS = Nekode/Nekode.entitlements;
				CODE_SIGN_STYLE = Manual;
				COMBINE_HIDPI_IMAGES = YES;
				CURRENT_PROJECT_VERSION = 10005;
				ENABLE_HARDENED_RUNTIME = YES;
				GENERATE_INFOPLIST_FILE = YES;
				INFOPLIST_FILE = Nekode/Info.plist;
				INFOPLIST_KEY_LSUIElement = YES;
				INFOPLIST_KEY_NSAppleEventsUsageDescription = "Nekode needs to control terminal apps to focus the correct window when you click a session.";
				INFOPLIST_KEY_NSHumanReadableCopyright = "";
				INFOPLIST_KEY_NSMainStoryboardFile = "";
				LD_RUNPATH_SEARCH_PATHS = "@executable_path/../Frameworks";
				MARKETING_VERSION = 1.0.5;
				PRODUCT_BUNDLE_IDENTIFIER = dev.nekode.Nekode;
				PRODUCT_NAME = "$(TARGET_NAME)";
				SWIFT_ACTIVE_COMPILATION_CONDITIONS = "$(inherited) ENABLE_SPARKLE";
				SWIFT_EMIT_LOC_STRINGS = YES;
				SWIFT_VERSION = 5.0;
			};
			name = Release;
		};
		P10000130000000000000001 /* Debug */ = {
			isa = XCBuildConfiguration;
			buildSettings = {
				CODE_SIGN_STYLE = Manual;
				CURRENT_PROJECT_VERSION = 10005;
				MACOSX_DEPLOYMENT_TARGET = 13.0;
				MARKETING_VERSION = 1.0.5;
			PRODUCT_NAME = "nekode-cli";
			SWIFT_VERSION = 5.0;
		};
		name = Debug;
	};
	P10000140000000000000001 /* Release */ = {
		isa = XCBuildConfiguration;
		buildSettings = {
			CODE_SIGN_STYLE = Manual;
			CURRENT_PROJECT_VERSION = 10005;
			MACOSX_DEPLOYMENT_TARGET = 13.0;
			MARKETING_VERSION = 1.0.5;
			PRODUCT_NAME = "nekode-cli";
				SWIFT_VERSION = 5.0;
			};
			name = Release;
		};
		T1000000D000000000000001 /* Debug */ = {
			isa = XCBuildConfiguration;
			buildSettings = {
				BUNDLE_LOADER = "$(TEST_HOST)";
				CODE_SIGN_STYLE = Manual;
				CURRENT_PROJECT_VERSION = 10005;
				GENERATE_INFOPLIST_FILE = YES;
				MACOSX_DEPLOYMENT_TARGET = 13.0;
				MARKETING_VERSION = 1.0.5;
				PRODUCT_BUNDLE_IDENTIFIER = dev.nekode.NekodeTests;
				PRODUCT_NAME = "$(TARGET_NAME)";
				SWIFT_EMIT_LOC_STRINGS = NO;
				SWIFT_VERSION = 5.0;
				TEST_HOST = "$(BUILT_PRODUCTS_DIR)/Nekode.app/Contents/MacOS/Nekode";
			};
			name = Debug;
		};
		T1000000E000000000000001 /* Release */ = {
			isa = XCBuildConfiguration;
			buildSettings = {
				BUNDLE_LOADER = "$(TEST_HOST)";
				CODE_SIGN_STYLE = Manual;
				CURRENT_PROJECT_VERSION = 10005;
				GENERATE_INFOPLIST_FILE = YES;
				MACOSX_DEPLOYMENT_TARGET = 13.0;
				MARKETING_VERSION = 1.0.5;
				PRODUCT_BUNDLE_IDENTIFIER = dev.nekode.NekodeTests;
				PRODUCT_NAME = "$(TARGET_NAME)";
				SWIFT_EMIT_LOC_STRINGS = NO;
				SWIFT_VERSION = 5.0;
				TEST_HOST = "$(BUILT_PRODUCTS_DIR)/Nekode.app/Contents/MacOS/Nekode";
			};
			name = Release;
		};
/* End XCBuildConfiguration section */

/* Begin XCConfigurationList section */
		A1000000C000000000000001 /* Build configuration list for PBXNativeTarget "Nekode" */ = {
			isa = XCConfigurationList;
			buildConfigurations = (
				A10000120000000000000001 /* Debug */,
				A10000130000000000000001 /* Release */,
			);
			defaultConfigurationIsVisible = 0;
			defaultConfigurationName = Release;
		};
		A1000000F000000000000001 /* Build configuration list for PBXProject "Nekode" */ = {
			isa = XCConfigurationList;
			buildConfigurations = (
				A10000100000000000000001 /* Debug */,
				A10000110000000000000001 /* Release */,
			);
			defaultConfigurationIsVisible = 0;
			defaultConfigurationName = Release;
		};
		P10000110000000000000001 /* Build configuration list for PBXNativeTarget "nekode" */ = {
			isa = XCConfigurationList;
			buildConfigurations = (
				P10000130000000000000001 /* Debug */,
				P10000140000000000000001 /* Release */,
			);
			defaultConfigurationIsVisible = 0;
			defaultConfigurationName = Release;
		};
		T1000000A000000000000001 /* Build configuration list for PBXNativeTarget "NekodeTests" */ = {
			isa = XCConfigurationList;
			buildConfigurations = (
				T1000000D000000000000001 /* Debug */,
				T1000000E000000000000001 /* Release */,
			);
			defaultConfigurationIsVisible = 0;
			defaultConfigurationName = Release;
		};
/* End XCConfigurationList section */

/* Begin XCRemoteSwiftPackageReference section */
		9C7FB52C2F3A0CEA0090B18A /* XCRemoteSwiftPackageReference "KeyboardShortcuts" */ = {
			isa = XCRemoteSwiftPackageReference;
			repositoryURL = "https://github.com/sindresorhus/KeyboardShortcuts";
			requirement = {
				kind = upToNextMajorVersion;
				minimumVersion = 2.4.0;
			};
		};
		9C7FB58B2F422D1E0090B18A /* XCRemoteSwiftPackageReference "Sparkle" */ = {
			isa = XCRemoteSwiftPackageReference;
			repositoryURL = "https://github.com/sparkle-project/Sparkle";
			requirement = {
				kind = upToNextMajorVersion;
				minimumVersion = 2.8.1;
			};
		};
/* End XCRemoteSwiftPackageReference section */

/* Begin XCSwiftPackageProductDependency section */
		9C7FB52D2F3A0CEA0090B18A /* KeyboardShortcuts */ = {
			isa = XCSwiftPackageProductDependency;
			package = 9C7FB52C2F3A0CEA0090B18A /* XCRemoteSwiftPackageReference "KeyboardShortcuts" */;
			productName = KeyboardShortcuts;
		};
		9C7FB58C2F422D1E0090B18A /* Sparkle */ = {
			isa = XCSwiftPackageProductDependency;
			package = 9C7FB58B2F422D1E0090B18A /* XCRemoteSwiftPackageReference "Sparkle" */;
			productName = Sparkle;
		};
/* End XCSwiftPackageProductDependency section */
	};
	rootObject = A1000000E000000000000001 /* Project object */;
}
